{
  "name": "esm-console",
  "version": "1.0.0",
  "lockfileVersion": 2,
  "requires": true,
  "packages": {
    "": {
      "name": "esm-console",
      "version": "1.0.0",
      "license": "ISC",
      "dependencies": {
        "library": "file:../library"
      }
    },
    "../library": {
      "version": "1.0.0",
      "license": "ISC"
    },
    "node_modules/library": {
      "resolved": "../library",
      "link": true
    }
  },
  "dependencies": {
    "library": {
      "version": "file:../library"
    }
  }
}
